github.com/golang-jwt/jwt/v5 v5.0.0 h1:1n1XNM9hk7O9mnQoNBGolZvzebBQ7p93ULHRc28XJUE=
github.com/golang-jwt/jwt/v5 v5.0.0/go.mod h1:pqrtFR0X4osieyHYxtmOUWsAWrfe1Q5UVIyoH402zdk=
github.com/kataras/jwt v0.1.8 h1:u71baOsYD22HWeSOg32tCHbczPjdCk7V4MMeJqTtmGk=
github.com/kataras/jwt v0.1.8/go.mod h1:Q5j2IkcIHnfwy+oNY3TVWuEBJNw0ADgCcXK9CaZwV4o=
